// !$*UTF8*$!
{
	archiveVersion = 1;
	classes = {
	};
	objectVersion = 56;
	objects = {

/* Begin PBXBuildFile section */
		1B21139C2912BB5500C1977D /* NetworkService.swift in Sources */ = {isa = PBXBuildFile; fileRef = 1B21139B2912BB5500C1977D /* NetworkService.swift */; };
		1B283A3128FC65D100B900D9 /* AppDelegate.swift in Sources */ = {isa = PBXBuildFile; fileRef = 1B283A3028FC65D100B900D9 /* AppDelegate.swift */; };
		1B283A3328FC65D100B900D9 /* SceneDelegate.swift in Sources */ = {isa = PBXBuildFile; fileRef = 1B283A3228FC65D100B900D9 /* SceneDelegate.swift */; };
		1B283A3A28FC65D200B900D9 /* Assets.xcassets in Resources */ = {isa = PBXBuildFile; fileRef = 1B283A3928FC65D200B900D9 /* Assets.xcassets */; };
		1B283A3D28FC65D200B900D9 /* LaunchScreen.storyboard in Resources */ = {isa = PBXBuildFile; fileRef = 1B283A3B28FC65D200B900D9 /* LaunchScreen.storyboard */; };
		1B3102B628FC67B30013AA10 /* MainScreenView.swift in Sources */ = {isa = PBXBuildFile; fileRef = 1B3102B528FC67B30013AA10 /* MainScreenView.swift */; };
		1B3102B828FC67E40013AA10 /* NavigationBuilder.swift in Sources */ = {isa = PBXBuildFile; fileRef = 1B3102B728FC67E40013AA10 /* NavigationBuilder.swift */; };
		1B3102BA28FC68EB0013AA10 /* MainScreenInteractor.swift in Sources */ = {isa = PBXBuildFile; fileRef = 1B3102B928FC68EB0013AA10 /* MainScreenInteractor.swift */; };
		1B3102BC28FC69640013AA10 /* MainScreenRouter.swift in Sources */ = {isa = PBXBuildFile; fileRef = 1B3102BB28FC69640013AA10 /* MainScreenRouter.swift */; };
		1B3102BE28FC69B80013AA10 /* MainScreenPresenter.swift in Sources */ = {isa = PBXBuildFile; fileRef = 1B3102BD28FC69B80013AA10 /* MainScreenPresenter.swift */; };
		1B3102C028FC6EA30013AA10 /* MainScreenModuleConfigurator.swift in Sources */ = {isa = PBXBuildFile; fileRef = 1B3102BF28FC6EA30013AA10 /* MainScreenModuleConfigurator.swift */; };
		1B3102C228FC71EA0013AA10 /* MainScreenView + SetupUI.swift in Sources */ = {isa = PBXBuildFile; fileRef = 1B3102C128FC71EA0013AA10 /* MainScreenView + SetupUI.swift */; };
		1B3C66602923CA6800B94645 /* TabBarPresenter.swift in Sources */ = {isa = PBXBuildFile; fileRef = 1B3C665F2923CA6800B94645 /* TabBarPresenter.swift */; };
		1B3C66622923CB3300B94645 /* TabBarView.swift in Sources */ = {isa = PBXBuildFile; fileRef = 1B3C66612923CB3300B94645 /* TabBarView.swift */; };
		1B3C66642923CF9D00B94645 /* TabBarModuleConfigurator.swift in Sources */ = {isa = PBXBuildFile; fileRef = 1B3C66632923CF9D00B94645 /* TabBarModuleConfigurator.swift */; };
		1B3C66662923F05100B94645 /* TabBarInteractor.swift in Sources */ = {isa = PBXBuildFile; fileRef = 1B3C66652923F05100B94645 /* TabBarInteractor.swift */; };
		1B3C66682923F19000B94645 /* TabBarRouter.swift in Sources */ = {isa = PBXBuildFile; fileRef = 1B3C66672923F19000B94645 /* TabBarRouter.swift */; };
		1B3C666C2923FB3600B94645 /* FavoriteFilmCell.swift in Sources */ = {isa = PBXBuildFile; fileRef = 1B3C666B2923FB3600B94645 /* FavoriteFilmCell.swift */; };
		1B3C666E2923FB7B00B94645 /* FavoriteFilmsView + Extensions.swift in Sources */ = {isa = PBXBuildFile; fileRef = 1B3C666D2923FB7B00B94645 /* FavoriteFilmsView + Extensions.swift */; };
		1B3C66702924039A00B94645 /* FavoriteFilmView + SetupUI.swift in Sources */ = {isa = PBXBuildFile; fileRef = 1B3C666F2924039A00B94645 /* FavoriteFilmView + SetupUI.swift */; };
		1B4D3FC22908711300AE8138 /* RoundingTransition.swift in Sources */ = {isa = PBXBuildFile; fileRef = 1B4D3FC12908711300AE8138 /* RoundingTransition.swift */; };
		1B5B0A9829144D1C009FAEB0 /* PosterFullModuleConfigurator.swift in Sources */ = {isa = PBXBuildFile; fileRef = 1B5B0A9729144D1C009FAEB0 /* PosterFullModuleConfigurator.swift */; };
		1BA753F72901E61E002ACEB0 /* PosterFullView.swift in Sources */ = {isa = PBXBuildFile; fileRef = 1BA753F62901E61E002ACEB0 /* PosterFullView.swift */; };
		1BA753F92901E724002ACEB0 /* PosterFullView + SetupUI.swift in Sources */ = {isa = PBXBuildFile; fileRef = 1BA753F82901E724002ACEB0 /* PosterFullView + SetupUI.swift */; };
		1BC17D9328FF2DD4000C32AC /* DetailFilmView + SetupUI.swift in Sources */ = {isa = PBXBuildFile; fileRef = 1BC17D9228FF2DD4000C32AC /* DetailFilmView + SetupUI.swift */; };
		1BC17D9528FF2FDD000C32AC /* DetailFilmView + Actions.swift in Sources */ = {isa = PBXBuildFile; fileRef = 1BC17D9428FF2FDD000C32AC /* DetailFilmView + Actions.swift */; };
		1BC2ED1228FD25620050349D /* DetailFilmView.swift in Sources */ = {isa = PBXBuildFile; fileRef = 1BC2ED1128FD25620050349D /* DetailFilmView.swift */; };
		1BC2ED1428FD25DE0050349D /* DetailFilmInteractor.swift in Sources */ = {isa = PBXBuildFile; fileRef = 1BC2ED1328FD25DE0050349D /* DetailFilmInteractor.swift */; };
		1BC2ED1628FD265F0050349D /* DetailFilmRouter.swift in Sources */ = {isa = PBXBuildFile; fileRef = 1BC2ED1528FD265F0050349D /* DetailFilmRouter.swift */; };
		1BC2ED1828FD26E30050349D /* DetailFilmPresenter.swift in Sources */ = {isa = PBXBuildFile; fileRef = 1BC2ED1728FD26E30050349D /* DetailFilmPresenter.swift */; };
		1BC2ED1A28FD27ED0050349D /* DetailFilmModuleConfigurator.swift in Sources */ = {isa = PBXBuildFile; fileRef = 1BC2ED1928FD27ED0050349D /* DetailFilmModuleConfigurator.swift */; };
		1BC2ED1C28FD38E00050349D /* FilmPicsView.swift in Sources */ = {isa = PBXBuildFile; fileRef = 1BC2ED1B28FD38E00050349D /* FilmPicsView.swift */; };
		1BC2ED1E28FD396C0050349D /* FilmPicsInteractor.swift in Sources */ = {isa = PBXBuildFile; fileRef = 1BC2ED1D28FD396C0050349D /* FilmPicsInteractor.swift */; };
		1BC2ED2028FD39FF0050349D /* FilmPicsRouter.swift in Sources */ = {isa = PBXBuildFile; fileRef = 1BC2ED1F28FD39FF0050349D /* FilmPicsRouter.swift */; };
		1BC2ED2228FD3A4B0050349D /* FilmPicsPresenter.swift in Sources */ = {isa = PBXBuildFile; fileRef = 1BC2ED2128FD3A4B0050349D /* FilmPicsPresenter.swift */; };
		1BC2ED2428FD56B50050349D /* FilmPicsModuleConfigurator.swift in Sources */ = {isa = PBXBuildFile; fileRef = 1BC2ED2328FD56B50050349D /* FilmPicsModuleConfigurator.swift */; };
		1BC2ED2628FD57E50050349D /* FullPicView.swift in Sources */ = {isa = PBXBuildFile; fileRef = 1BC2ED2528FD57E50050349D /* FullPicView.swift */; };
		1BC2ED2828FD58840050349D /* FullPicInteractor.swift in Sources */ = {isa = PBXBuildFile; fileRef = 1BC2ED2728FD58840050349D /* FullPicInteractor.swift */; };
		1BC2ED2A28FD592E0050349D /* FullPicRouter.swift in Sources */ = {isa = PBXBuildFile; fileRef = 1BC2ED2928FD592E0050349D /* FullPicRouter.swift */; };
		1BC2ED2C28FD596A0050349D /* FullPicPresenter.swift in Sources */ = {isa = PBXBuildFile; fileRef = 1BC2ED2B28FD596A0050349D /* FullPicPresenter.swift */; };
		1BC2ED2E28FD5AF90050349D /* FullPicModuleConfigurator.swift in Sources */ = {isa = PBXBuildFile; fileRef = 1BC2ED2D28FD5AF90050349D /* FullPicModuleConfigurator.swift */; };
		1BC2ED3028FD5BCB0050349D /* FavoriteFilmsView.swift in Sources */ = {isa = PBXBuildFile; fileRef = 1BC2ED2F28FD5BCB0050349D /* FavoriteFilmsView.swift */; };
		1BC2ED3228FD5C480050349D /* FavoriteFilmsInteractor.swift in Sources */ = {isa = PBXBuildFile; fileRef = 1BC2ED3128FD5C480050349D /* FavoriteFilmsInteractor.swift */; };
		1BC2ED3428FD5DAB0050349D /* FavoriteFilmsRouter.swift in Sources */ = {isa = PBXBuildFile; fileRef = 1BC2ED3328FD5DAB0050349D /* FavoriteFilmsRouter.swift */; };
		1BC2ED3628FD5DF30050349D /* FavoriteFilmsPresenter.swift in Sources */ = {isa = PBXBuildFile; fileRef = 1BC2ED3528FD5DF30050349D /* FavoriteFilmsPresenter.swift */; };
		1BC2ED3828FD73400050349D /* FavoriteFilmsModuleConfigurator.swift in Sources */ = {isa = PBXBuildFile; fileRef = 1BC2ED3728FD73400050349D /* FavoriteFilmsModuleConfigurator.swift */; };
		1BC2ED3A28FDBB200050349D /* JSONModel.swift in Sources */ = {isa = PBXBuildFile; fileRef = 1BC2ED3928FDBB200050349D /* JSONModel.swift */; };
		1BC2ED3C28FDBEE10050349D /* MainScreenView + Extensions.swift in Sources */ = {isa = PBXBuildFile; fileRef = 1BC2ED3B28FDBEE10050349D /* MainScreenView + Extensions.swift */; };
		1BC2ED3E28FDC6250050349D /* MainScreenCollectionViewCell.swift in Sources */ = {isa = PBXBuildFile; fileRef = 1BC2ED3D28FDC6250050349D /* MainScreenCollectionViewCell.swift */; };
		1BC2ED4028FDD8D20050349D /* MainScreenItemModel.swift in Sources */ = {isa = PBXBuildFile; fileRef = 1BC2ED3F28FDD8D20050349D /* MainScreenItemModel.swift */; };
		1BC2ED4228FDDEEE0050349D /* NavigationController + Extension.swift in Sources */ = {isa = PBXBuildFile; fileRef = 1BC2ED4128FDDEEE0050349D /* NavigationController + Extension.swift */; };
		1BCFF5572901D2A30048513D /* DetailFilmView + Extensions.swift in Sources */ = {isa = PBXBuildFile; fileRef = 1BCFF5562901D2A30048513D /* DetailFilmView + Extensions.swift */; };
		1BCFF5592901D3960048513D /* FotageFromFilmingCellCollectionViewCell.swift in Sources */ = {isa = PBXBuildFile; fileRef = 1BCFF5582901D3960048513D /* FotageFromFilmingCellCollectionViewCell.swift */; };
/* End PBXBuildFile section */

/* Begin PBXFileReference section */
		1B21139B2912BB5500C1977D /* NetworkService.swift */ = {isa = PBXFileReference; lastKnownFileType = sourcecode.swift; path = NetworkService.swift; sourceTree = "<group>"; };
		1B283A2D28FC65D100B900D9 /* FilmsApp.app */ = {isa = PBXFileReference; explicitFileType = wrapper.application; includeInIndex = 0; path = FilmsApp.app; sourceTree = BUILT_PRODUCTS_DIR; };
		1B283A3028FC65D100B900D9 /* AppDelegate.swift */ = {isa = PBXFileReference; lastKnownFileType = sourcecode.swift; path = AppDelegate.swift; sourceTree = "<group>"; };
		1B283A3228FC65D100B900D9 /* SceneDelegate.swift */ = {isa = PBXFileReference; lastKnownFileType = sourcecode.swift; path = SceneDelegate.swift; sourceTree = "<group>"; };
		1B283A3928FC65D200B900D9 /* Assets.xcassets */ = {isa = PBXFileReference; lastKnownFileType = folder.assetcatalog; path = Assets.xcassets; sourceTree = "<group>"; };
		1B283A3C28FC65D200B900D9 /* Base */ = {isa = PBXFileReference; lastKnownFileType = file.storyboard; name = Base; path = Base.lproj/LaunchScreen.storyboard; sourceTree = "<group>"; };
		1B283A3E28FC65D200B900D9 /* Info.plist */ = {isa = PBXFileReference; lastKnownFileType = text.plist.xml; path = Info.plist; sourceTree = "<group>"; };
		1B3102B528FC67B30013AA10 /* MainScreenView.swift */ = {isa = PBXFileReference; lastKnownFileType = sourcecode.swift; path = MainScreenView.swift; sourceTree = "<group>"; };
		1B3102B728FC67E40013AA10 /* NavigationBuilder.swift */ = {isa = PBXFileReference; fileEncoding = 4; lastKnownFileType = sourcecode.swift; path = NavigationBuilder.swift; sourceTree = "<group>"; };
		1B3102B928FC68EB0013AA10 /* MainScreenInteractor.swift */ = {isa = PBXFileReference; lastKnownFileType = sourcecode.swift; path = MainScreenInteractor.swift; sourceTree = "<group>"; };
		1B3102BB28FC69640013AA10 /* MainScreenRouter.swift */ = {isa = PBXFileReference; lastKnownFileType = sourcecode.swift; path = MainScreenRouter.swift; sourceTree = "<group>"; };
		1B3102BD28FC69B80013AA10 /* MainScreenPresenter.swift */ = {isa = PBXFileReference; lastKnownFileType = sourcecode.swift; path = MainScreenPresenter.swift; sourceTree = "<group>"; };
		1B3102BF28FC6EA30013AA10 /* MainScreenModuleConfigurator.swift */ = {isa = PBXFileReference; lastKnownFileType = sourcecode.swift; path = MainScreenModuleConfigurator.swift; sourceTree = "<group>"; };
		1B3102C128FC71EA0013AA10 /* MainScreenView + SetupUI.swift */ = {isa = PBXFileReference; lastKnownFileType = sourcecode.swift; path = "MainScreenView + SetupUI.swift"; sourceTree = "<group>"; };
		1B3C665F2923CA6800B94645 /* TabBarPresenter.swift */ = {isa = PBXFileReference; lastKnownFileType = sourcecode.swift; path = TabBarPresenter.swift; sourceTree = "<group>"; };
		1B3C66612923CB3300B94645 /* TabBarView.swift */ = {isa = PBXFileReference; lastKnownFileType = sourcecode.swift; path = TabBarView.swift; sourceTree = "<group>"; };
		1B3C66632923CF9D00B94645 /* TabBarModuleConfigurator.swift */ = {isa = PBXFileReference; lastKnownFileType = sourcecode.swift; path = TabBarModuleConfigurator.swift; sourceTree = "<group>"; };
		1B3C66652923F05100B94645 /* TabBarInteractor.swift */ = {isa = PBXFileReference; lastKnownFileType = sourcecode.swift; path = TabBarInteractor.swift; sourceTree = "<group>"; };
		1B3C66672923F19000B94645 /* TabBarRouter.swift */ = {isa = PBXFileReference; lastKnownFileType = sourcecode.swift; path = TabBarRouter.swift; sourceTree = "<group>"; };
		1B3C666B2923FB3600B94645 /* FavoriteFilmCell.swift */ = {isa = PBXFileReference; lastKnownFileType = sourcecode.swift; path = FavoriteFilmCell.swift; sourceTree = "<group>"; };
		1B3C666D2923FB7B00B94645 /* FavoriteFilmsView + Extensions.swift */ = {isa = PBXFileReference; lastKnownFileType = sourcecode.swift; path = "FavoriteFilmsView + Extensions.swift"; sourceTree = "<group>"; };
		1B3C666F2924039A00B94645 /* FavoriteFilmView + SetupUI.swift */ = {isa = PBXFileReference; lastKnownFileType = sourcecode.swift; path = "FavoriteFilmView + SetupUI.swift"; sourceTree = "<group>"; };
		1B4D3FC12908711300AE8138 /* RoundingTransition.swift */ = {isa = PBXFileReference; fileEncoding = 4; lastKnownFileType = sourcecode.swift; path = RoundingTransition.swift; sourceTree = "<group>"; };
		1B5B0A9729144D1C009FAEB0 /* PosterFullModuleConfigurator.swift */ = {isa = PBXFileReference; lastKnownFileType = sourcecode.swift; path = PosterFullModuleConfigurator.swift; sourceTree = "<group>"; };
		1BA753F62901E61E002ACEB0 /* PosterFullView.swift */ = {isa = PBXFileReference; lastKnownFileType = sourcecode.swift; path = PosterFullView.swift; sourceTree = "<group>"; };
		1BA753F82901E724002ACEB0 /* PosterFullView + SetupUI.swift */ = {isa = PBXFileReference; lastKnownFileType = sourcecode.swift; path = "PosterFullView + SetupUI.swift"; sourceTree = "<group>"; };
		1BC17D9228FF2DD4000C32AC /* DetailFilmView + SetupUI.swift */ = {isa = PBXFileReference; lastKnownFileType = sourcecode.swift; path = "DetailFilmView + SetupUI.swift"; sourceTree = "<group>"; };
		1BC17D9428FF2FDD000C32AC /* DetailFilmView + Actions.swift */ = {isa = PBXFileReference; lastKnownFileType = sourcecode.swift; path = "DetailFilmView + Actions.swift"; sourceTree = "<group>"; };
		1BC2ED1128FD25620050349D /* DetailFilmView.swift */ = {isa = PBXFileReference; lastKnownFileType = sourcecode.swift; path = DetailFilmView.swift; sourceTree = "<group>"; };
		1BC2ED1328FD25DE0050349D /* DetailFilmInteractor.swift */ = {isa = PBXFileReference; lastKnownFileType = sourcecode.swift; path = DetailFilmInteractor.swift; sourceTree = "<group>"; };
		1BC2ED1528FD265F0050349D /* DetailFilmRouter.swift */ = {isa = PBXFileReference; lastKnownFileType = sourcecode.swift; path = DetailFilmRouter.swift; sourceTree = "<group>"; };
		1BC2ED1728FD26E30050349D /* DetailFilmPresenter.swift */ = {isa = PBXFileReference; lastKnownFileType = sourcecode.swift; path = DetailFilmPresenter.swift; sourceTree = "<group>"; };
		1BC2ED1928FD27ED0050349D /* DetailFilmModuleConfigurator.swift */ = {isa = PBXFileReference; lastKnownFileType = sourcecode.swift; path = DetailFilmModuleConfigurator.swift; sourceTree = "<group>"; };
		1BC2ED1B28FD38E00050349D /* FilmPicsView.swift */ = {isa = PBXFileReference; lastKnownFileType = sourcecode.swift; path = FilmPicsView.swift; sourceTree = "<group>"; };
		1BC2ED1D28FD396C0050349D /* FilmPicsInteractor.swift */ = {isa = PBXFileReference; lastKnownFileType = sourcecode.swift; path = FilmPicsInteractor.swift; sourceTree = "<group>"; };
		1BC2ED1F28FD39FF0050349D /* FilmPicsRouter.swift */ = {isa = PBXFileReference; lastKnownFileType = sourcecode.swift; path = FilmPicsRouter.swift; sourceTree = "<group>"; };
		1BC2ED2128FD3A4B0050349D /* FilmPicsPresenter.swift */ = {isa = PBXFileReference; lastKnownFileType = sourcecode.swift; path = FilmPicsPresenter.swift; sourceTree = "<group>"; };
		1BC2ED2328FD56B50050349D /* FilmPicsModuleConfigurator.swift */ = {isa = PBXFileReference; lastKnownFileType = sourcecode.swift; path = FilmPicsModuleConfigurator.swift; sourceTree = "<group>"; };
		1BC2ED2528FD57E50050349D /* FullPicView.swift */ = {isa = PBXFileReference; lastKnownFileType = sourcecode.swift; path = FullPicView.swift; sourceTree = "<group>"; };
		1BC2ED2728FD58840050349D /* FullPicInteractor.swift */ = {isa = PBXFileReference; lastKnownFileType = sourcecode.swift; path = FullPicInteractor.swift; sourceTree = "<group>"; };
		1BC2ED2928FD592E0050349D /* FullPicRouter.swift */ = {isa = PBXFileReference; lastKnownFileType = sourcecode.swift; path = FullPicRouter.swift; sourceTree = "<group>"; };
		1BC2ED2B28FD596A0050349D /* FullPicPresenter.swift */ = {isa = PBXFileReference; lastKnownFileType = sourcecode.swift; path = FullPicPresenter.swift; sourceTree = "<group>"; };
		1BC2ED2D28FD5AF90050349D /* FullPicModuleConfigurator.swift */ = {isa = PBXFileReference; lastKnownFileType = sourcecode.swift; path = FullPicModuleConfigurator.swift; sourceTree = "<group>"; };
		1BC2ED2F28FD5BCB0050349D /* FavoriteFilmsView.swift */ = {isa = PBXFileReference; lastKnownFileType = sourcecode.swift; path = FavoriteFilmsView.swift; sourceTree = "<group>"; };
		1BC2ED3128FD5C480050349D /* FavoriteFilmsInteractor.swift */ = {isa = PBXFileReference; lastKnownFileType = sourcecode.swift; path = FavoriteFilmsInteractor.swift; sourceTree = "<group>"; };
		1BC2ED3328FD5DAB0050349D /* FavoriteFilmsRouter.swift */ = {isa = PBXFileReference; lastKnownFileType = sourcecode.swift; path = FavoriteFilmsRouter.swift; sourceTree = "<group>"; };
		1BC2ED3528FD5DF30050349D /* FavoriteFilmsPresenter.swift */ = {isa = PBXFileReference; lastKnownFileType = sourcecode.swift; path = FavoriteFilmsPresenter.swift; sourceTree = "<group>"; };
		1BC2ED3728FD73400050349D /* FavoriteFilmsModuleConfigurator.swift */ = {isa = PBXFileReference; lastKnownFileType = sourcecode.swift; path = FavoriteFilmsModuleConfigurator.swift; sourceTree = "<group>"; };
		1BC2ED3928FDBB200050349D /* JSONModel.swift */ = {isa = PBXFileReference; lastKnownFileType = sourcecode.swift; path = JSONModel.swift; sourceTree = "<group>"; };
		1BC2ED3B28FDBEE10050349D /* MainScreenView + Extensions.swift */ = {isa = PBXFileReference; lastKnownFileType = sourcecode.swift; path = "MainScreenView + Extensions.swift"; sourceTree = "<group>"; };
		1BC2ED3D28FDC6250050349D /* MainScreenCollectionViewCell.swift */ = {isa = PBXFileReference; lastKnownFileType = sourcecode.swift; path = MainScreenCollectionViewCell.swift; sourceTree = "<group>"; };
		1BC2ED3F28FDD8D20050349D /* MainScreenItemModel.swift */ = {isa = PBXFileReference; lastKnownFileType = sourcecode.swift; path = MainScreenItemModel.swift; sourceTree = "<group>"; };
		1BC2ED4128FDDEEE0050349D /* NavigationController + Extension.swift */ = {isa = PBXFileReference; fileEncoding = 4; lastKnownFileType = sourcecode.swift; path = "NavigationController + Extension.swift"; sourceTree = "<group>"; };
		1BCFF5562901D2A30048513D /* DetailFilmView + Extensions.swift */ = {isa = PBXFileReference; lastKnownFileType = sourcecode.swift; path = "DetailFilmView + Extensions.swift"; sourceTree = "<group>"; };
		1BCFF5582901D3960048513D /* FotageFromFilmingCellCollectionViewCell.swift */ = {isa = PBXFileReference; lastKnownFileType = sourcecode.swift; path = FotageFromFilmingCellCollectionViewCell.swift; sourceTree = "<group>"; };
/* End PBXFileReference section */

/* Begin PBXFrameworksBuildPhase section */
		1B283A2A28FC65D100B900D9 /* Frameworks */ = {
			isa = PBXFrameworksBuildPhase;
			buildActionMask = 2147483647;
			files = (
			);
			runOnlyForDeploymentPostprocessing = 0;
		};
/* End PBXFrameworksBuildPhase section */

/* Begin PBXGroup section */
		1B21139A2912BB4800C1977D /* NetworkService */ = {
			isa = PBXGroup;
			children = (
				1B21139B2912BB5500C1977D /* NetworkService.swift */,
			);
			path = NetworkService;
			sourceTree = "<group>";
		};
		1B283A2428FC65D100B900D9 = {
			isa = PBXGroup;
			children = (
				1B283A2F28FC65D100B900D9 /* FilmsApp */,
				1B283A2E28FC65D100B900D9 /* Products */,
			);
			sourceTree = "<group>";
		};
		1B283A2E28FC65D100B900D9 /* Products */ = {
			isa = PBXGroup;
			children = (
				1B283A2D28FC65D100B900D9 /* FilmsApp.app */,
			);
			name = Products;
			sourceTree = "<group>";
		};
		1B283A2F28FC65D100B900D9 /* FilmsApp */ = {
			isa = PBXGroup;
			children = (
				1B3C66592923C9DD00B94645 /* TabBarModule */,
				1B4D3FC12908711300AE8138 /* RoundingTransition.swift */,
				1BCFF55A2901E5560048513D /* PosterFullModule */,
				1BC2ED0B28FD24420050349D /* FavoriteFilmsModule */,
				1BC2ED0528FD23F70050349D /* FullPicModule */,
				1BC2ECFF28FD23A60050349D /* FilmPicsModule */,
				1BC2ECF928FD23640050349D /* DetailFilmModule */,
				1B283A4428FC66FA00B900D9 /* MainScreenModule */,
				1B283A3028FC65D100B900D9 /* AppDelegate.swift */,
				1B3102B728FC67E40013AA10 /* NavigationBuilder.swift */,
				1BC2ED4128FDDEEE0050349D /* NavigationController + Extension.swift */,
				1B283A3228FC65D100B900D9 /* SceneDelegate.swift */,
				1B283A3928FC65D200B900D9 /* Assets.xcassets */,
				1B283A3B28FC65D200B900D9 /* LaunchScreen.storyboard */,
				1B283A3E28FC65D200B900D9 /* Info.plist */,
			);
			path = FilmsApp;
			sourceTree = "<group>";
		};
		1B283A4428FC66FA00B900D9 /* MainScreenModule */ = {
			isa = PBXGroup;
			children = (
				1B3102BF28FC6EA30013AA10 /* MainScreenModuleConfigurator.swift */,
				1B283A4928FC672700B900D9 /* View */,
				1B283A4828FC672000B900D9 /* Interactor */,
				1B283A4728FC671800B900D9 /* Presenter */,
				1B283A4628FC670E00B900D9 /* Entity */,
				1B283A4528FC670500B900D9 /* Router */,
			);
			path = MainScreenModule;
			sourceTree = "<group>";
		};
		1B283A4528FC670500B900D9 /* Router */ = {
			isa = PBXGroup;
			children = (
				1B3102BB28FC69640013AA10 /* MainScreenRouter.swift */,
			);
			path = Router;
			sourceTree = "<group>";
		};
		1B283A4628FC670E00B900D9 /* Entity */ = {
			isa = PBXGroup;
			children = (
				1BC2ED3928FDBB200050349D /* JSONModel.swift */,
				1BC2ED3F28FDD8D20050349D /* MainScreenItemModel.swift */,
			);
			path = Entity;
			sourceTree = "<group>";
		};
		1B283A4728FC671800B900D9 /* Presenter */ = {
			isa = PBXGroup;
			children = (
				1B3102BD28FC69B80013AA10 /* MainScreenPresenter.swift */,
			);
			path = Presenter;
			sourceTree = "<group>";
		};
		1B283A4828FC672000B900D9 /* Interactor */ = {
			isa = PBXGroup;
			children = (
				1B21139A2912BB4800C1977D /* NetworkService */,
				1B3102B928FC68EB0013AA10 /* MainScreenInteractor.swift */,
			);
			path = Interactor;
			sourceTree = "<group>";
		};
		1B283A4928FC672700B900D9 /* View */ = {
			isa = PBXGroup;
			children = (
				1B3102B528FC67B30013AA10 /* MainScreenView.swift */,
				1BC2ED3D28FDC6250050349D /* MainScreenCollectionViewCell.swift */,
				1BC2ED3B28FDBEE10050349D /* MainScreenView + Extensions.swift */,
				1B3102C128FC71EA0013AA10 /* MainScreenView + SetupUI.swift */,
			);
			path = View;
			sourceTree = "<group>";
		};
		1B3C66592923C9DD00B94645 /* TabBarModule */ = {
			isa = PBXGroup;
			children = (
				1B3C66632923CF9D00B94645 /* TabBarModuleConfigurator.swift */,
				1B3C665A2923CA0900B94645 /* View */,
				1B3C665C2923CA1800B94645 /* Interactor */,
				1B3C665E2923CA6000B94645 /* Presenter */,
				1B3C665D2923CA5A00B94645 /* Router */,
			);
			path = TabBarModule;
			sourceTree = "<group>";
		};
		1B3C665A2923CA0900B94645 /* View */ = {
			isa = PBXGroup;
			children = (
				1B3C66612923CB3300B94645 /* TabBarView.swift */,
			);
			path = View;
			sourceTree = "<group>";
		};
		1B3C665C2923CA1800B94645 /* Interactor */ = {
			isa = PBXGroup;
			children = (
				1B3C66652923F05100B94645 /* TabBarInteractor.swift */,
			);
			path = Interactor;
			sourceTree = "<group>";
		};
		1B3C665D2923CA5A00B94645 /* Router */ = {
			isa = PBXGroup;
			children = (
				1B3C66672923F19000B94645 /* TabBarRouter.swift */,
			);
			path = Router;
			sourceTree = "<group>";
		};
		1B3C665E2923CA6000B94645 /* Presenter */ = {
			isa = PBXGroup;
			children = (
				1B3C665F2923CA6800B94645 /* TabBarPresenter.swift */,
			);
			path = Presenter;
			sourceTree = "<group>";
		};
		1BC2ECF928FD23640050349D /* DetailFilmModule */ = {
			isa = PBXGroup;
			children = (
				1BC2ED1928FD27ED0050349D /* DetailFilmModuleConfigurator.swift */,
				1BC2ECFE28FD239D0050349D /* View */,
				1BC2ECFD28FD23970050349D /* Interactor */,
				1BC2ECFC28FD23890050349D /* Presenter */,
				1BC2ECFB28FD237F0050349D /* Entity */,
				1BC2ECFA28FD23720050349D /* Router */,
			);
			path = DetailFilmModule;
			sourceTree = "<group>";
		};
		1BC2ECFA28FD23720050349D /* Router */ = {
			isa = PBXGroup;
			children = (
				1BC2ED1528FD265F0050349D /* DetailFilmRouter.swift */,
			);
			path = Router;
			sourceTree = "<group>";
		};
		1BC2ECFB28FD237F0050349D /* Entity */ = {
			isa = PBXGroup;
			children = (
			);
			path = Entity;
			sourceTree = "<group>";
		};
		1BC2ECFC28FD23890050349D /* Presenter */ = {
			isa = PBXGroup;
			children = (
				1BC2ED1728FD26E30050349D /* DetailFilmPresenter.swift */,
			);
			path = Presenter;
			sourceTree = "<group>";
		};
		1BC2ECFD28FD23970050349D /* Interactor */ = {
			isa = PBXGroup;
			children = (
				1BC2ED1328FD25DE0050349D /* DetailFilmInteractor.swift */,
			);
			path = Interactor;
			sourceTree = "<group>";
		};
		1BC2ECFE28FD239D0050349D /* View */ = {
			isa = PBXGroup;
			children = (
				1BC2ED1128FD25620050349D /* DetailFilmView.swift */,
				1BCFF5582901D3960048513D /* FotageFromFilmingCellCollectionViewCell.swift */,
				1BCFF5562901D2A30048513D /* DetailFilmView + Extensions.swift */,
				1BC17D9228FF2DD4000C32AC /* DetailFilmView + SetupUI.swift */,
				1BC17D9428FF2FDD000C32AC /* DetailFilmView + Actions.swift */,
			);
			path = View;
			sourceTree = "<group>";
		};
		1BC2ECFF28FD23A60050349D /* FilmPicsModule */ = {
			isa = PBXGroup;
			children = (
				1BC2ED2328FD56B50050349D /* FilmPicsModuleConfigurator.swift */,
				1BC2ED0428FD23D90050349D /* View */,
				1BC2ED0328FD23C60050349D /* Interactor */,
				1BC2ED0228FD23BD0050349D /* Presenter */,
				1BC2ED0128FD23B70050349D /* Entity */,
				1BC2ED0028FD23B00050349D /* Router */,
			);
			path = FilmPicsModule;
			sourceTree = "<group>";
		};
		1BC2ED0028FD23B00050349D /* Router */ = {
			isa = PBXGroup;
			children = (
				1BC2ED1F28FD39FF0050349D /* FilmPicsRouter.swift */,
			);
			path = Router;
			sourceTree = "<group>";
		};
		1BC2ED0128FD23B70050349D /* Entity */ = {
			isa = PBXGroup;
			children = (
			);
			path = Entity;
			sourceTree = "<group>";
		};
		1BC2ED0228FD23BD0050349D /* Presenter */ = {
			isa = PBXGroup;
			children = (
				1BC2ED2128FD3A4B0050349D /* FilmPicsPresenter.swift */,
			);
			path = Presenter;
			sourceTree = "<group>";
		};
		1BC2ED0328FD23C60050349D /* Interactor */ = {
			isa = PBXGroup;
			children = (
				1BC2ED1D28FD396C0050349D /* FilmPicsInteractor.swift */,
			);
			path = Interactor;
			sourceTree = "<group>";
		};
		1BC2ED0428FD23D90050349D /* View */ = {
			isa = PBXGroup;
			children = (
				1BC2ED1B28FD38E00050349D /* FilmPicsView.swift */,
			);
			path = View;
			sourceTree = "<group>";
		};
		1BC2ED0528FD23F70050349D /* FullPicModule */ = {
			isa = PBXGroup;
			children = (
				1BC2ED2D28FD5AF90050349D /* FullPicModuleConfigurator.swift */,
				1BC2ED0A28FD24270050349D /* View */,
				1BC2ED0928FD24200050349D /* Interactor */,
				1BC2ED0828FD24180050349D /* Presenter */,
				1BC2ED0728FD240A0050349D /* Entity */,
				1BC2ED0628FD24010050349D /* Router */,
			);
			path = FullPicModule;
			sourceTree = "<group>";
		};
		1BC2ED0628FD24010050349D /* Router */ = {
			isa = PBXGroup;
			children = (
				1BC2ED2928FD592E0050349D /* FullPicRouter.swift */,
			);
			path = Router;
			sourceTree = "<group>";
		};
		1BC2ED0728FD240A0050349D /* Entity */ = {
			isa = PBXGroup;
			children = (
			);
			path = Entity;
			sourceTree = "<group>";
		};
		1BC2ED0828FD24180050349D /* Presenter */ = {
			isa = PBXGroup;
			children = (
				1BC2ED2B28FD596A0050349D /* FullPicPresenter.swift */,
			);
			path = Presenter;
			sourceTree = "<group>";
		};
		1BC2ED0928FD24200050349D /* Interactor */ = {
			isa = PBXGroup;
			children = (
				1BC2ED2728FD58840050349D /* FullPicInteractor.swift */,
			);
			path = Interactor;
			sourceTree = "<group>";
		};
		1BC2ED0A28FD24270050349D /* View */ = {
			isa = PBXGroup;
			children = (
				1BC2ED2528FD57E50050349D /* FullPicView.swift */,
			);
			path = View;
			sourceTree = "<group>";
		};
		1BC2ED0B28FD24420050349D /* FavoriteFilmsModule */ = {
			isa = PBXGroup;
			children = (
				1BC2ED3728FD73400050349D /* FavoriteFilmsModuleConfigurator.swift */,
				1BC2ED1028FD246C0050349D /* View */,
				1BC2ED0F28FD24670050349D /* Interactor */,
				1BC2ED0E28FD245F0050349D /* Presenter */,
				1BC2ED0D28FD24530050349D /* Entity */,
				1BC2ED0C28FD244A0050349D /* Router */,
			);
			path = FavoriteFilmsModule;
			sourceTree = "<group>";
		};
		1BC2ED0C28FD244A0050349D /* Router */ = {
			isa = PBXGroup;
			children = (
				1BC2ED3328FD5DAB0050349D /* FavoriteFilmsRouter.swift */,
			);
			path = Router;
			sourceTree = "<group>";
		};
		1BC2ED0D28FD24530050349D /* Entity */ = {
			isa = PBXGroup;
			children = (
			);
			path = Entity;
			sourceTree = "<group>";
		};
		1BC2ED0E28FD245F0050349D /* Presenter */ = {
			isa = PBXGroup;
			children = (
				1BC2ED3528FD5DF30050349D /* FavoriteFilmsPresenter.swift */,
			);
			path = Presenter;
			sourceTree = "<group>";
		};
		1BC2ED0F28FD24670050349D /* Interactor */ = {
			isa = PBXGroup;
			children = (
				1BC2ED3128FD5C480050349D /* FavoriteFilmsInteractor.swift */,
			);
			path = Interactor;
			sourceTree = "<group>";
		};
		1BC2ED1028FD246C0050349D /* View */ = {
			isa = PBXGroup;
			children = (
				1BC2ED2F28FD5BCB0050349D /* FavoriteFilmsView.swift */,
				1B3C666D2923FB7B00B94645 /* FavoriteFilmsView + Extensions.swift */,
				1B3C666B2923FB3600B94645 /* FavoriteFilmCell.swift */,
				1B3C666F2924039A00B94645 /* FavoriteFilmView + SetupUI.swift */,
			);
			path = View;
			sourceTree = "<group>";
		};
		1BCFF55A2901E5560048513D /* PosterFullModule */ = {
			isa = PBXGroup;
			children = (
				1B5B0A9729144D1C009FAEB0 /* PosterFullModuleConfigurator.swift */,
				1BCFF55B2901E5680048513D /* View */,
			);
			path = PosterFullModule;
			sourceTree = "<group>";
		};
		1BCFF55B2901E5680048513D /* View */ = {
			isa = PBXGroup;
			children = (
				1BA753F62901E61E002ACEB0 /* PosterFullView.swift */,
				1BA753F82901E724002ACEB0 /* PosterFullView + SetupUI.swift */,
			);
			path = View;
			sourceTree = "<group>";
		};
/* End PBXGroup section */

/* Begin PBXNativeTarget section */
		1B283A2C28FC65D100B900D9 /* FilmsApp */ = {
			isa = PBXNativeTarget;
			buildConfigurationList = 1B283A4128FC65D200B900D9 /* Build configuration list for PBXNativeTarget "FilmsApp" */;
			buildPhases = (
				1B283A2928FC65D100B900D9 /* Sources */,
				1B283A2A28FC65D100B900D9 /* Frameworks */,
				1B283A2B28FC65D100B900D9 /* Resources */,
			);
			buildRules = (
			);
			dependencies = (
			);
			name = FilmsApp;
			productName = FilmsApp;
			productReference = 1B283A2D28FC65D100B900D9 /* FilmsApp.app */;
			productType = "com.apple.product-type.application";
		};
/* End PBXNativeTarget section */

/* Begin PBXProject section */
		1B283A2528FC65D100B900D9 /* Project object */ = {
			isa = PBXProject;
			attributes = {
				BuildIndependentTargetsInParallel = 1;
				LastSwiftUpdateCheck = 1400;
				LastUpgradeCheck = 1400;
				TargetAttributes = {
					1B283A2C28FC65D100B900D9 = {
						CreatedOnToolsVersion = 14.0.1;
					};
				};
			};
			buildConfigurationList = 1B283A2828FC65D100B900D9 /* Build configuration list for PBXProject "FilmsApp" */;
			compatibilityVersion = "Xcode 14.0";
			developmentRegion = en;
			hasScannedForEncodings = 0;
			knownRegions = (
				en,
				Base,
			);
			mainGroup = 1B283A2428FC65D100B900D9;
			productRefGroup = 1B283A2E28FC65D100B900D9 /* Products */;
			projectDirPath = "";
			projectRoot = "";
			targets = (
				1B283A2C28FC65D100B900D9 /* FilmsApp */,
			);
		};
/* End PBXProject section */

/* Begin PBXResourcesBuildPhase section */
		1B283A2B28FC65D100B900D9 /* Resources */ = {
			isa = PBXResourcesBuildPhase;
			buildActionMask = 2147483647;
			files = (
				1B283A3D28FC65D200B900D9 /* LaunchScreen.storyboard in Resources */,
				1B283A3A28FC65D200B900D9 /* Assets.xcassets in Resources */,
			);
			runOnlyForDeploymentPostprocessing = 0;
		};
/* End PBXResourcesBuildPhase section */

/* Begin PBXSourcesBuildPhase section */
		1B283A2928FC65D100B900D9 /* Sources */ = {
			isa = PBXSourcesBuildPhase;
			buildActionMask = 2147483647;
			files = (
				1B5B0A9829144D1C009FAEB0 /* PosterFullModuleConfigurator.swift in Sources */,
				1B4D3FC22908711300AE8138 /* RoundingTransition.swift in Sources */,
				1BCFF5572901D2A30048513D /* DetailFilmView + Extensions.swift in Sources */,
				1B3102BA28FC68EB0013AA10 /* MainScreenInteractor.swift in Sources */,
				1B3C66602923CA6800B94645 /* TabBarPresenter.swift in Sources */,
				1BC2ED3828FD73400050349D /* FavoriteFilmsModuleConfigurator.swift in Sources */,
				1BC2ED2228FD3A4B0050349D /* FilmPicsPresenter.swift in Sources */,
				1BC2ED3628FD5DF30050349D /* FavoriteFilmsPresenter.swift in Sources */,
				1BC2ED2E28FD5AF90050349D /* FullPicModuleConfigurator.swift in Sources */,
				1BC2ED3A28FDBB200050349D /* JSONModel.swift in Sources */,
				1BC2ED4028FDD8D20050349D /* MainScreenItemModel.swift in Sources */,
				1BC2ED4228FDDEEE0050349D /* NavigationController + Extension.swift in Sources */,
				1B283A3128FC65D100B900D9 /* AppDelegate.swift in Sources */,
				1B3102BE28FC69B80013AA10 /* MainScreenPresenter.swift in Sources */,
				1B3C666C2923FB3600B94645 /* FavoriteFilmCell.swift in Sources */,
				1B3102B828FC67E40013AA10 /* NavigationBuilder.swift in Sources */,
				1BC2ED2428FD56B50050349D /* FilmPicsModuleConfigurator.swift in Sources */,
				1BC2ED2A28FD592E0050349D /* FullPicRouter.swift in Sources */,
				1BC17D9328FF2DD4000C32AC /* DetailFilmView + SetupUI.swift in Sources */,
				1BC2ED3C28FDBEE10050349D /* MainScreenView + Extensions.swift in Sources */,
				1BC17D9528FF2FDD000C32AC /* DetailFilmView + Actions.swift in Sources */,
				1BC2ED1628FD265F0050349D /* DetailFilmRouter.swift in Sources */,
				1BC2ED3E28FDC6250050349D /* MainScreenCollectionViewCell.swift in Sources */,
				1BC2ED1E28FD396C0050349D /* FilmPicsInteractor.swift in Sources */,
				1BC2ED2028FD39FF0050349D /* FilmPicsRouter.swift in Sources */,
				1BC2ED1C28FD38E00050349D /* FilmPicsView.swift in Sources */,
				1BA753F92901E724002ACEB0 /* PosterFullView + SetupUI.swift in Sources */,
				1B3102BC28FC69640013AA10 /* MainScreenRouter.swift in Sources */,
				1BC2ED2828FD58840050349D /* FullPicInteractor.swift in Sources */,
				1B3C66622923CB3300B94645 /* TabBarView.swift in Sources */,
				1B3102B628FC67B30013AA10 /* MainScreenView.swift in Sources */,
				1BA753F72901E61E002ACEB0 /* PosterFullView.swift in Sources */,
				1B3102C228FC71EA0013AA10 /* MainScreenView + SetupUI.swift in Sources */,
				1BC2ED2C28FD596A0050349D /* FullPicPresenter.swift in Sources */,
				1B283A3328FC65D100B900D9 /* SceneDelegate.swift in Sources */,
				1B3C66642923CF9D00B94645 /* TabBarModuleConfigurator.swift in Sources */,
				1BC2ED1428FD25DE0050349D /* DetailFilmInteractor.swift in Sources */,
				1BCFF5592901D3960048513D /* FotageFromFilmingCellCollectionViewCell.swift in Sources */,
				1B3102C028FC6EA30013AA10 /* MainScreenModuleConfigurator.swift in Sources */,
				1B21139C2912BB5500C1977D /* NetworkService.swift in Sources */,
				1B3C66662923F05100B94645 /* TabBarInteractor.swift in Sources */,
				1B3C66702924039A00B94645 /* FavoriteFilmView + SetupUI.swift in Sources */,
				1BC2ED1828FD26E30050349D /* DetailFilmPresenter.swift in Sources */,
				1BC2ED1228FD25620050349D /* DetailFilmView.swift in Sources */,
				1B3C66682923F19000B94645 /* TabBarRouter.swift in Sources */,
				1B3C666E2923FB7B00B94645 /* FavoriteFilmsView + Extensions.swift in Sources */,
				1BC2ED3228FD5C480050349D /* FavoriteFilmsInteractor.swift in Sources */,
				1BC2ED2628FD57E50050349D /* FullPicView.swift in Sources */,
				1BC2ED3428FD5DAB0050349D /* FavoriteFilmsRouter.swift in Sources */,
				1BC2ED1A28FD27ED0050349D /* DetailFilmModuleConfigurator.swift in Sources */,
				1BC2ED3028FD5BCB0050349D /* FavoriteFilmsView.swift in Sources */,
			);
			runOnlyForDeploymentPostprocessing = 0;
		};
/* End PBXSourcesBuildPhase section */

/* Begin PBXVariantGroup section */
		1B283A3B28FC65D200B900D9 /* LaunchScreen.storyboard */ = {
			isa = PBXVariantGroup;
			children = (
				1B283A3C28FC65D200B900D9 /* Base */,
			);
			name = LaunchScreen.storyboard;
			sourceTree = "<group>";
		};
/* End PBXVariantGroup section */

/* Begin XCBuildConfiguration section */
		1B283A3F28FC65D200B900D9 /* Debug */ = {
			isa = XCBuildConfiguration;
			buildSettings = {
				ALWAYS_SEARCH_USER_PATHS = NO;
				CLANG_ANALYZER_NONNULL = YES;
				CLANG_ANALYZER_NUMBER_OBJECT_CONVERSION = YES_AGGRESSIVE;
				CLANG_CXX_LANGUAGE_STANDARD = "gnu++20";
				CLANG_ENABLE_MODULES = YES;
				CLANG_ENABLE_OBJC_ARC = YES;
				CLANG_ENABLE_OBJC_WEAK = YES;
				CLANG_WARN_BLOCK_CAPTURE_AUTORELEASING = YES;
				CLANG_WARN_BOOL_CONVERSION = YES;
				CLANG_WARN_COMMA = YES;
				CLANG_WARN_CONSTANT_CONVERSION = YES;
				CLANG_WARN_DEPRECATED_OBJC_IMPLEMENTATIONS = YES;
				CLANG_WARN_DIRECT_OBJC_ISA_USAGE = YES_ERROR;
				CLANG_WARN_DOCUMENTATION_COMMENTS = YES;
				CLANG_WARN_EMPTY_BODY = YES;
				CLANG_WARN_ENUM_CONVERSION = YES;
				CLANG_WARN_INFINITE_RECURSION = YES;
				CLANG_WARN_INT_CONVERSION = YES;
				CLANG_WARN_NON_LITERAL_NULL_CONVERSION = YES;
				CLANG_WARN_OBJC_IMPLICIT_RETAIN_SELF = YES;
				CLANG_WARN_OBJC_LITERAL_CONVERSION = YES;
				CLANG_WARN_OBJC_ROOT_CLASS = YES_ERROR;
				CLANG_WARN_QUOTED_INCLUDE_IN_FRAMEWORK_HEADER = YES;
				CLANG_WARN_RANGE_LOOP_ANALYSIS = YES;
				CLANG_WARN_STRICT_PROTOTYPES = YES;
				CLANG_WARN_SUSPICIOUS_MOVE = YES;
				CLANG_WARN_UNGUARDED_AVAILABILITY = YES_AGGRESSIVE;
				CLANG_WARN_UNREACHABLE_CODE = YES;
				CLANG_WARN__DUPLICATE_METHOD_MATCH = YES;
				COPY_PHASE_STRIP = NO;
				DEBUG_INFORMATION_FORMAT = dwarf;
				ENABLE_STRICT_OBJC_MSGSEND = YES;
				ENABLE_TESTABILITY = YES;
				GCC_C_LANGUAGE_STANDARD = gnu11;
				GCC_DYNAMIC_NO_PIC = NO;
				GCC_NO_COMMON_BLOCKS = YES;
				GCC_OPTIMIZATION_LEVEL = 0;
				GCC_PREPROCESSOR_DEFINITIONS = (
					"DEBUG=1",
					"$(inherited)",
				);
				GCC_WARN_64_TO_32_BIT_CONVERSION = YES;
				GCC_WARN_ABOUT_RETURN_TYPE = YES_ERROR;
				GCC_WARN_UNDECLARED_SELECTOR = YES;
				GCC_WARN_UNINITIALIZED_AUTOS = YES_AGGRESSIVE;
				GCC_WARN_UNUSED_FUNCTION = YES;
				GCC_WARN_UNUSED_VARIABLE = YES;
				IPHONEOS_DEPLOYMENT_TARGET = 16.0;
				MTL_ENABLE_DEBUG_INFO = INCLUDE_SOURCE;
				MTL_FAST_MATH = YES;
				ONLY_ACTIVE_ARCH = YES;
				SDKROOT = iphoneos;
				SWIFT_ACTIVE_COMPILATION_CONDITIONS = DEBUG;
				SWIFT_OPTIMIZATION_LEVEL = "-Onone";
			};
			name = Debug;
		};
		1B283A4028FC65D200B900D9 /* Release */ = {
			isa = XCBuildConfiguration;
			buildSettings = {
				ALWAYS_SEARCH_USER_PATHS = NO;
				CLANG_ANALYZER_NONNULL = YES;
				CLANG_ANALYZER_NUMBER_OBJECT_CONVERSION = YES_AGGRESSIVE;
				CLANG_CXX_LANGUAGE_STANDARD = "gnu++20";
				CLANG_ENABLE_MODULES = YES;
				CLANG_ENABLE_OBJC_ARC = YES;
				CLANG_ENABLE_OBJC_WEAK = YES;
				CLANG_WARN_BLOCK_CAPTURE_AUTORELEASING = YES;
				CLANG_WARN_BOOL_CONVERSION = YES;
				CLANG_WARN_COMMA = YES;
				CLANG_WARN_CONSTANT_CONVERSION = YES;
				CLANG_WARN_DEPRECATED_OBJC_IMPLEMENTATIONS = YES;
				CLANG_WARN_DIRECT_OBJC_ISA_USAGE = YES_ERROR;
				CLANG_WARN_DOCUMENTATION_COMMENTS = YES;
				CLANG_WARN_EMPTY_BODY = YES;
				CLANG_WARN_ENUM_CONVERSION = YES;
				CLANG_WARN_INFINITE_RECURSION = YES;
				CLANG_WARN_INT_CONVERSION = YES;
				CLANG_WARN_NON_LITERAL_NULL_CONVERSION = YES;
				CLANG_WARN_OBJC_IMPLICIT_RETAIN_SELF = YES;
				CLANG_WARN_OBJC_LITERAL_CONVERSION = YES;
				CLANG_WARN_OBJC_ROOT_CLASS = YES_ERROR;
				CLANG_WARN_QUOTED_INCLUDE_IN_FRAMEWORK_HEADER = YES;
				CLANG_WARN_RANGE_LOOP_ANALYSIS = YES;
				CLANG_WARN_STRICT_PROTOTYPES = YES;
				CLANG_WARN_SUSPICIOUS_MOVE = YES;
				CLANG_WARN_UNGUARDED_AVAILABILITY = YES_AGGRESSIVE;
				CLANG_WARN_UNREACHABLE_CODE = YES;
				CLANG_WARN__DUPLICATE_METHOD_MATCH = YES;
				COPY_PHASE_STRIP = NO;
				DEBUG_INFORMATION_FORMAT = "dwarf-with-dsym";
				ENABLE_NS_ASSERTIONS = NO;
				ENABLE_STRICT_OBJC_MSGSEND = YES;
				GCC_C_LANGUAGE_STANDARD = gnu11;
				GCC_NO_COMMON_BLOCKS = YES;
				GCC_WARN_64_TO_32_BIT_CONVERSION = YES;
				GCC_WARN_ABOUT_RETURN_TYPE = YES_ERROR;
				GCC_WARN_UNDECLARED_SELECTOR = YES;
				GCC_WARN_UNINITIALIZED_AUTOS = YES_AGGRESSIVE;
				GCC_WARN_UNUSED_FUNCTION = YES;
				GCC_WARN_UNUSED_VARIABLE = YES;
				IPHONEOS_DEPLOYMENT_TARGET = 16.0;
				MTL_ENABLE_DEBUG_INFO = NO;
				MTL_FAST_MATH = YES;
				SDKROOT = iphoneos;
				SWIFT_COMPILATION_MODE = wholemodule;
				SWIFT_OPTIMIZATION_LEVEL = "-O";
				VALIDATE_PRODUCT = YES;
			};
			name = Release;
		};
		1B283A4228FC65D200B900D9 /* Debug */ = {
			isa = XCBuildConfiguration;
			buildSettings = {
				ASSETCATALOG_COMPILER_APPICON_NAME = AppIcon;
				ASSETCATALOG_COMPILER_GLOBAL_ACCENT_COLOR_NAME = AccentColor;
				CODE_SIGN_STYLE = Automatic;
				CURRENT_PROJECT_VERSION = 1;
				DEVELOPMENT_TEAM = 74L575RYQ9;
				GENERATE_INFOPLIST_FILE = YES;
				INFOPLIST_FILE = FilmsApp/Info.plist;
				INFOPLIST_KEY_UIApplicationSupportsIndirectInputEvents = YES;
				INFOPLIST_KEY_UILaunchStoryboardName = LaunchScreen;
				INFOPLIST_KEY_UISupportedInterfaceOrientations_iPad = "UIInterfaceOrientationPortrait UIInterfaceOrientationPortraitUpsideDown UIInterfaceOrientationLandscapeLeft UIInterfaceOrientationLandscapeRight";
				INFOPLIST_KEY_UISupportedInterfaceOrientations_iPhone = "UIInterfaceOrientationPortrait UIInterfaceOrientationLandscapeLeft UIInterfaceOrientationLandscapeRight";
				LD_RUNPATH_SEARCH_PATHS = (
					"$(inherited)",
					"@executable_path/Frameworks",
				);
				MARKETING_VERSION = 1.0;
				PRODUCT_BUNDLE_IDENTIFIER = maslov.FilmsApp;
				PRODUCT_NAME = "$(TARGET_NAME)";
				SWIFT_EMIT_LOC_STRINGS = YES;
				SWIFT_VERSION = 5.0;
				TARGETED_DEVICE_FAMILY = "1,2";
			};
			name = Debug;
		};
		1B283A4328FC65D200B900D9 /* Release */ = {
			isa = XCBuildConfiguration;
			buildSettings = {
				ASSETCATALOG_COMPILER_APPICON_NAME = AppIcon;
				ASSETCATALOG_COMPILER_GLOBAL_ACCENT_COLOR_NAME = AccentColor;
				CODE_SIGN_STYLE = Automatic;
				CURRENT_PROJECT_VERSION = 1;
				DEVELOPMENT_TEAM = 74L575RYQ9;
				GENERATE_INFOPLIST_FILE = YES;
				INFOPLIST_FILE = FilmsApp/Info.plist;
				INFOPLIST_KEY_UIApplicationSupportsIndirectInputEvents = YES;
				INFOPLIST_KEY_UILaunchStoryboardName = LaunchScreen;
				INFOPLIST_KEY_UISupportedInterfaceOrientations_iPad = "UIInterfaceOrientationPortrait UIInterfaceOrientationPortraitUpsideDown UIInterfaceOrientationLandscapeLeft UIInterfaceOrientationLandscapeRight";
				INFOPLIST_KEY_UISupportedInterfaceOrientations_iPhone = "UIInterfaceOrientationPortrait UIInterfaceOrientationLandscapeLeft UIInterfaceOrientationLandscapeRight";
				LD_RUNPATH_SEARCH_PATHS = (
					"$(inherited)",
					"@executable_path/Frameworks",
				);
				MARKETING_VERSION = 1.0;
				PRODUCT_BUNDLE_IDENTIFIER = maslov.FilmsApp;
				PRODUCT_NAME = "$(TARGET_NAME)";
				SWIFT_EMIT_LOC_STRINGS = YES;
				SWIFT_VERSION = 5.0;
				TARGETED_DEVICE_FAMILY = "1,2";
			};
			name = Release;
		};
/* End XCBuildConfiguration section */

/* Begin XCConfigurationList section */
		1B283A2828FC65D100B900D9 /* Build configuration list for PBXProject "FilmsApp" */ = {
			isa = XCConfigurationList;
			buildConfigurations = (
				1B283A3F28FC65D200B900D9 /* Debug */,
				1B283A4028FC65D200B900D9 /* Release */,
			);
			defaultConfigurationIsVisible = 0;
			defaultConfigurationName = Release;
		};
		1B283A4128FC65D200B900D9 /* Build configuration list for PBXNativeTarget "FilmsApp" */ = {
			isa = XCConfigurationList;
			buildConfigurations = (
				1B283A4228FC65D200B900D9 /* Debug */,
				1B283A4328FC65D200B900D9 /* Release */,
			);
			defaultConfigurationIsVisible = 0;
			defaultConfigurationName = Release;
		};
/* End XCConfigurationList section */
	};
	rootObject = 1B283A2528FC65D100B900D9 /* Project object */;
}
